
Microsoft Visual Studio Solution File, Format Version 12.00
# Visual Studio Version 16
VisualStudioVersion = 16.0.31025.194
MinimumVisualStudioVersion = 10.0.40219.1
Project("{FAE04EC0-301F-11D3-BF4B-00C04F79EFBC}") = "Parte_01", "Parte_01\Parte_01.csproj", "{0382B511-88ED-43C3-A733-68B4E519CC10}"
EndProject
Global
	GlobalSection(SolutionConfigurationPlatforms) = preSolution
		Debug|Any CPU = Debug|Any CPU
		Release|Any CPU = Release|Any CPU
	EndGlobalSection
	GlobalSection(ProjectConfigurationPlatforms) = postSolution
		{0382B511-88ED-43C3-A733-68B4E519CC10}.Debug|Any CPU.ActiveCfg = Debug|Any CPU
		{0382B511-88ED-43C3-A733-68B4E519CC10}.Debug|Any CPU.Build.0 = Debug|Any CPU
		{0382B511-88ED-43C3-A733-68B4E519CC10}.Release|Any CPU.ActiveCfg = Release|Any CPU
		{0382B511-88ED-43C3-A733-68B4E519CC10}.Release|Any CPU.Build.0 = Release|Any CPU
	EndGlobalSection
	GlobalSection(SolutionProperties) = preSolution
		HideSolutionNode = FALSE
	EndGlobalSection
	GlobalSection(ExtensibilityGlobals) = postSolution
		SolutionGuid = {62345E0C-4271-4C79-87AA-08E88B5F265A}
	EndGlobalSection
EndGlobal
